// !$*UTF8*$!
{
	archiveVersion = 1;
	classes = {
	};
	objectVersion = 48;
	objects = {

/* Begin PBXBuildFile section */
		9D7807AB4A556CC129A06FF9 /* Pods_sampleTests.framework in Frameworks */ = {isa = PBXBuildFile; fileRef = AE61A2F707958B4B5EBD1B77 /* Pods_sampleTests.framework */; };
		C9E488E12026A37A0065BE14 /* AppDelegate.swift in Sources */ = {isa = PBXBuildFile; fileRef = C9E488E02026A37A0065BE14 /* AppDelegate.swift */; };
		C9E488E32026A37A0065BE14 /* ViewController.swift in Sources */ = {isa = PBXBuildFile; fileRef = C9E488E22026A37A0065BE14 /* ViewController.swift */; };
		C9E488E62026A37A0065BE14 /* Main.storyboard in Resources */ = {isa = PBXBuildFile; fileRef = C9E488E42026A37A0065BE14 /* Main.storyboard */; };
		C9E488E82026A37A0065BE14 /* Assets.xcassets in Resources */ = {isa = PBXBuildFile; fileRef = C9E488E72026A37A0065BE14 /* Assets.xcassets */; };
		C9E488EB2026A37A0065BE14 /* LaunchScreen.storyboard in Resources */ = {isa = PBXBuildFile; fileRef = C9E488E92026A37A0065BE14 /* LaunchScreen.storyboard */; };
		C9E488F62026A37A0065BE14 /* sampleTests.swift in Sources */ = {isa = PBXBuildFile; fileRef = C9E488F52026A37A0065BE14 /* sampleTests.swift */; };
		C9E489012026A37A0065BE14 /* sampleUITests.swift in Sources */ = {isa = PBXBuildFile; fileRef = C9E489002026A37A0065BE14 /* sampleUITests.swift */; };
		C9E4890F2026BCD60065BE14 /* GoogleOauth2Manager.swift in Sources */ = {isa = PBXBuildFile; fileRef = C9E4890E2026BCD60065BE14 /* GoogleOauth2Manager.swift */; };
		C9E489352026E2830065BE14 /* YoutubeSession.swift in Sources */ = {isa = PBXBuildFile; fileRef = C9E489342026E2830065BE14 /* YoutubeSession.swift */; };
		E09DDC1B70D6EB7D176E0DD2 /* Pods_sampleUITests.framework in Frameworks */ = {isa = PBXBuildFile; fileRef = 0BB1C9D8840424AF75E2E052 /* Pods_sampleUITests.framework */; };
		EB78CB08B8E8C4444A659137 /* Pods_sample.framework in Frameworks */ = {isa = PBXBuildFile; fileRef = FCEA82CB9CE723E74E679243 /* Pods_sample.framework */; };
/* End PBXBuildFile section */

/* Begin PBXContainerItemProxy section */
		C9E488F22026A37A0065BE14 /* PBXContainerItemProxy */ = {
			isa = PBXContainerItemProxy;
			containerPortal = C9E488D52026A37A0065BE14 /* Project object */;
			proxyType = 1;
			remoteGlobalIDString = C9E488DC2026A37A0065BE14;
			remoteInfo = sample;
		};
		C9E488FD2026A37A0065BE14 /* PBXContainerItemProxy */ = {
			isa = PBXContainerItemProxy;
			containerPortal = C9E488D52026A37A0065BE14 /* Project object */;
			proxyType = 1;
			remoteGlobalIDString = C9E488DC2026A37A0065BE14;
			remoteInfo = sample;
		};
/* End PBXContainerItemProxy section */

/* Begin PBXFileReference section */
		0BB1C9D8840424AF75E2E052 /* Pods_sampleUITests.framework */ = {isa = PBXFileReference; explicitFileType = wrapper.framework; includeInIndex = 0; path = Pods_sampleUITests.framework; sourceTree = BUILT_PRODUCTS_DIR; };
		33BA8ACE4DA31E387C35BA69 /* Pods-sampleTests.release.xcconfig */ = {isa = PBXFileReference; includeInIndex = 1; lastKnownFileType = text.xcconfig; name = "Pods-sampleTests.release.xcconfig"; path = "Pods/Target Support Files/Pods-sampleTests/Pods-sampleTests.release.xcconfig"; sourceTree = "<group>"; };
		3C6033C8852359F9463D2597 /* Pods-sample.debug.xcconfig */ = {isa = PBXFileReference; includeInIndex = 1; lastKnownFileType = text.xcconfig; name = "Pods-sample.debug.xcconfig"; path = "Pods/Target Support Files/Pods-sample/Pods-sample.debug.xcconfig"; sourceTree = "<group>"; };
		415DE61D663EAE8BCDECB2EA /* Pods-sampleUITests.debug.xcconfig */ = {isa = PBXFileReference; includeInIndex = 1; lastKnownFileType = text.xcconfig; name = "Pods-sampleUITests.debug.xcconfig"; path = "Pods/Target Support Files/Pods-sampleUITests/Pods-sampleUITests.debug.xcconfig"; sourceTree = "<group>"; };
		AB77E8C47CE4FF2A60D83945 /* Pods-sample.release.xcconfig */ = {isa = PBXFileReference; includeInIndex = 1; lastKnownFileType = text.xcconfig; name = "Pods-sample.release.xcconfig"; path = "Pods/Target Support Files/Pods-sample/Pods-sample.release.xcconfig"; sourceTree = "<group>"; };
		AE61A2F707958B4B5EBD1B77 /* Pods_sampleTests.framework */ = {isa = PBXFileReference; explicitFileType = wrapper.framework; includeInIndex = 0; path = Pods_sampleTests.framework; sourceTree = BUILT_PRODUCTS_DIR; };
		C9E488DD2026A37A0065BE14 /* sample.app */ = {isa = PBXFileReference; explicitFileType = wrapper.application; includeInIndex = 0; path = sample.app; sourceTree = BUILT_PRODUCTS_DIR; };
		C9E488E02026A37A0065BE14 /* AppDelegate.swift */ = {isa = PBXFileReference; lastKnownFileType = sourcecode.swift; path = AppDelegate.swift; sourceTree = "<group>"; };
		C9E488E22026A37A0065BE14 /* ViewController.swift */ = {isa = PBXFileReference; lastKnownFileType = sourcecode.swift; path = ViewController.swift; sourceTree = "<group>"; };
		C9E488E52026A37A0065BE14 /* Base */ = {isa = PBXFileReference; lastKnownFileType = file.storyboard; name = Base; path = Base.lproj/Main.storyboard; sourceTree = "<group>"; };
		C9E488E72026A37A0065BE14 /* Assets.xcassets */ = {isa = PBXFileReference; lastKnownFileType = folder.assetcatalog; path = Assets.xcassets; sourceTree = "<group>"; };
		C9E488EA2026A37A0065BE14 /* Base */ = {isa = PBXFileReference; lastKnownFileType = file.storyboard; name = Base; path = Base.lproj/LaunchScreen.storyboard; sourceTree = "<group>"; };
		C9E488EC2026A37A0065BE14 /* Info.plist */ = {isa = PBXFileReference; lastKnownFileType = text.plist.xml; path = Info.plist; sourceTree = "<group>"; };
		C9E488F12026A37A0065BE14 /* sampleTests.xctest */ = {isa = PBXFileReference; explicitFileType = wrapper.cfbundle; includeInIndex = 0; path = sampleTests.xctest; sourceTree = BUILT_PRODUCTS_DIR; };
		C9E488F52026A37A0065BE14 /* sampleTests.swift */ = {isa = PBXFileReference; lastKnownFileType = sourcecode.swift; path = sampleTests.swift; sourceTree = "<group>"; };
		C9E488F72026A37A0065BE14 /* Info.plist */ = {isa = PBXFileReference; lastKnownFileType = text.plist.xml; path = Info.plist; sourceTree = "<group>"; };
		C9E488FC2026A37A0065BE14 /* sampleUITests.xctest */ = {isa = PBXFileReference; explicitFileType = wrapper.cfbundle; includeInIndex = 0; path = sampleUITests.xctest; sourceTree = BUILT_PRODUCTS_DIR; };
		C9E489002026A37A0065BE14 /* sampleUITests.swift */ = {isa = PBXFileReference; lastKnownFileType = sourcecode.swift; path = sampleUITests.swift; sourceTree = "<group>"; };
		C9E489022026A37A0065BE14 /* Info.plist */ = {isa = PBXFileReference; lastKnownFileType = text.plist.xml; path = Info.plist; sourceTree = "<group>"; };
		C9E4890E2026BCD60065BE14 /* GoogleOauth2Manager.swift */ = {isa = PBXFileReference; lastKnownFileType = sourcecode.swift; path = GoogleOauth2Manager.swift; sourceTree = "<group>"; };
		C9E489342026E2830065BE14 /* YoutubeSession.swift */ = {isa = PBXFileReference; lastKnownFileType = sourcecode.swift; path = YoutubeSession.swift; sourceTree = "<group>"; };
		D02C1C6384EB9BBF99837F43 /* Pods-sampleTests.debug.xcconfig */ = {isa = PBXFileReference; includeInIndex = 1; lastKnownFileType = text.xcconfig; name = "Pods-sampleTests.debug.xcconfig"; path = "Pods/Target Support Files/Pods-sampleTests/Pods-sampleTests.debug.xcconfig"; sourceTree = "<group>"; };
		E2BA22FA5F5AC140920D607C /* Pods-sampleUITests.release.xcconfig */ = {isa = PBXFileReference; includeInIndex = 1; lastKnownFileType = text.xcconfig; name = "Pods-sampleUITests.release.xcconfig"; path = "Pods/Target Support Files/Pods-sampleUITests/Pods-sampleUITests.release.xcconfig"; sourceTree = "<group>"; };
		FCEA82CB9CE723E74E679243 /* Pods_sample.framework */ = {isa = PBXFileReference; explicitFileType = wrapper.framework; includeInIndex = 0; path = Pods_sample.framework; sourceTree = BUILT_PRODUCTS_DIR; };
/* End PBXFileReference section */

/* Begin PBXFrameworksBuildPhase section */
		C9E488DA2026A37A0065BE14 /* Frameworks */ = {
			isa = PBXFrameworksBuildPhase;
			buildActionMask = 2147483647;
			files = (
				EB78CB08B8E8C4444A659137 /* Pods_sample.framework in Frameworks */,
			);
			runOnlyForDeploymentPostprocessing = 0;
		};
		C9E488EE2026A37A0065BE14 /* Frameworks */ = {
			isa = PBXFrameworksBuildPhase;
			buildActionMask = 2147483647;
			files = (
				9D7807AB4A556CC129A06FF9 /* Pods_sampleTests.framework in Frameworks */,
			);
			runOnlyForDeploymentPostprocessing = 0;
		};
		C9E488F92026A37A0065BE14 /* Frameworks */ = {
			isa = PBXFrameworksBuildPhase;
			buildActionMask = 2147483647;
			files = (
				E09DDC1B70D6EB7D176E0DD2 /* Pods_sampleUITests.framework in Frameworks */,
			);
			runOnlyForDeploymentPostprocessing = 0;
		};
/* End PBXFrameworksBuildPhase section */

/* Begin PBXGroup section */
		082C42000C506916C37F009B /* Pods */ = {
			isa = PBXGroup;
			children = (
				3C6033C8852359F9463D2597 /* Pods-sample.debug.xcconfig */,
				AB77E8C47CE4FF2A60D83945 /* Pods-sample.release.xcconfig */,
				D02C1C6384EB9BBF99837F43 /* Pods-sampleTests.debug.xcconfig */,
				33BA8ACE4DA31E387C35BA69 /* Pods-sampleTests.release.xcconfig */,
				415DE61D663EAE8BCDECB2EA /* Pods-sampleUITests.debug.xcconfig */,
				E2BA22FA5F5AC140920D607C /* Pods-sampleUITests.release.xcconfig */,
			);
			name = Pods;
			sourceTree = "<group>";
		};
		C9E488D42026A37A0065BE14 = {
			isa = PBXGroup;
			children = (
				C9E488DF2026A37A0065BE14 /* sample */,
				C9E488F42026A37A0065BE14 /* sampleTests */,
				C9E488FF2026A37A0065BE14 /* sampleUITests */,
				C9E488DE2026A37A0065BE14 /* Products */,
				082C42000C506916C37F009B /* Pods */,
				E4840189A2AF26706B7701C7 /* Frameworks */,
			);
			sourceTree = "<group>";
		};
		C9E488DE2026A37A0065BE14 /* Products */ = {
			isa = PBXGroup;
			children = (
				C9E488DD2026A37A0065BE14 /* sample.app */,
				C9E488F12026A37A0065BE14 /* sampleTests.xctest */,
				C9E488FC2026A37A0065BE14 /* sampleUITests.xctest */,
			);
			name = Products;
			sourceTree = "<group>";
		};
		C9E488DF2026A37A0065BE14 /* sample */ = {
			isa = PBXGroup;
			children = (
				C9E488E02026A37A0065BE14 /* AppDelegate.swift */,
				C9E488E22026A37A0065BE14 /* ViewController.swift */,
				C9E4890E2026BCD60065BE14 /* GoogleOauth2Manager.swift */,
				C9E489342026E2830065BE14 /* YoutubeSession.swift */,
				C9E488E42026A37A0065BE14 /* Main.storyboard */,
				C9E488E72026A37A0065BE14 /* Assets.xcassets */,
				C9E488E92026A37A0065BE14 /* LaunchScreen.storyboard */,
				C9E488EC2026A37A0065BE14 /* Info.plist */,
			);
			path = sample;
			sourceTree = "<group>";
		};
		C9E488F42026A37A0065BE14 /* sampleTests */ = {
			isa = PBXGroup;
			children = (
				C9E488F52026A37A0065BE14 /* sampleTests.swift */,
				C9E488F72026A37A0065BE14 /* Info.plist */,
			);
			path = sampleTests;
			sourceTree = "<group>";
		};
		C9E488FF2026A37A0065BE14 /* sampleUITests */ = {
			isa = PBXGroup;
			children = (
				C9E489002026A37A0065BE14 /* sampleUITests.swift */,
				C9E489022026A37A0065BE14 /* Info.plist */,
			);
			path = sampleUITests;
			sourceTree = "<group>";
		};
		E4840189A2AF26706B7701C7 /* Frameworks */ = {
			isa = PBXGroup;
			children = (
				FCEA82CB9CE723E74E679243 /* Pods_sample.framework */,
				AE61A2F707958B4B5EBD1B77 /* Pods_sampleTests.framework */,
				0BB1C9D8840424AF75E2E052 /* Pods_sampleUITests.framework */,
			);
			name = Frameworks;
			sourceTree = "<group>";
		};
/* End PBXGroup section */

/* Begin PBXNativeTarget section */
		C9E488DC2026A37A0065BE14 /* sample */ = {
			isa = PBXNativeTarget;
			buildConfigurationList = C9E489052026A37A0065BE14 /* Build configuration list for PBXNativeTarget "sample" */;
			buildPhases = (
				5A9092346FC22D17EE8B644C /* [CP] Check Pods Manifest.lock */,
				C9E488D92026A37A0065BE14 /* Sources */,
				C9E488DA2026A37A0065BE14 /* Frameworks */,
				C9E488DB2026A37A0065BE14 /* Resources */,
				9A6945E95BF899E91DBEDB77 /* [CP] Embed Pods Frameworks */,
				6CDC2589E3CB4F212610538A /* [CP] Copy Pods Resources */,
			);
			buildRules = (
			);
			dependencies = (
			);
			name = sample;
			productName = sample;
			productReference = C9E488DD2026A37A0065BE14 /* sample.app */;
			productType = "com.apple.product-type.application";
		};
		C9E488F02026A37A0065BE14 /* sampleTests */ = {
			isa = PBXNativeTarget;
			buildConfigurationList = C9E489082026A37A0065BE14 /* Build configuration list for PBXNativeTarget "sampleTests" */;
			buildPhases = (
				35E58767E721B19E64848FAD /* [CP] Check Pods Manifest.lock */,
				C9E488ED2026A37A0065BE14 /* Sources */,
				C9E488EE2026A37A0065BE14 /* Frameworks */,
				C9E488EF2026A37A0065BE14 /* Resources */,
				E72863A714C571EA057E6785 /* [CP] Embed Pods Frameworks */,
				9200EBD545C06528517CE468 /* [CP] Copy Pods Resources */,
			);
			buildRules = (
			);
			dependencies = (
				C9E488F32026A37A0065BE14 /* PBXTargetDependency */,
			);
			name = sampleTests;
			productName = sampleTests;
			productReference = C9E488F12026A37A0065BE14 /* sampleTests.xctest */;
			productType = "com.apple.product-type.bundle.unit-test";
		};
		C9E488FB2026A37A0065BE14 /* sampleUITests */ = {
			isa = PBXNativeTarget;
			buildConfigurationList = C9E4890B2026A37A0065BE14 /* Build configuration list for PBXNativeTarget "sampleUITests" */;
			buildPhases = (
				AD5615631CBF1A063503C2EB /* [CP] Check Pods Manifest.lock */,
				C9E488F82026A37A0065BE14 /* Sources */,
				C9E488F92026A37A0065BE14 /* Frameworks */,
				C9E488FA2026A37A0065BE14 /* Resources */,
				EE7F4475E92B7EDE1D0DE640 /* [CP] Embed Pods Frameworks */,
				6A2A62D19F96139F4460EAD6 /* [CP] Copy Pods Resources */,
			);
			buildRules = (
			);
			dependencies = (
				C9E488FE2026A37A0065BE14 /* PBXTargetDependency */,
			);
			name = sampleUITests;
			productName = sampleUITests;
			productReference = C9E488FC2026A37A0065BE14 /* sampleUITests.xctest */;
			productType = "com.apple.product-type.bundle.ui-testing";
		};
/* End PBXNativeTarget section */

/* Begin PBXProject section */
		C9E488D52026A37A0065BE14 /* Project object */ = {
			isa = PBXProject;
			attributes = {
				LastSwiftUpdateCheck = 0920;
				LastUpgradeCheck = 0920;
				ORGANIZATIONNAME = "ちゅーたつ";
				TargetAttributes = {
					C9E488DC2026A37A0065BE14 = {
						CreatedOnToolsVersion = 9.2;
						ProvisioningStyle = Automatic;
					};
					C9E488F02026A37A0065BE14 = {
						CreatedOnToolsVersion = 9.2;
						ProvisioningStyle = Automatic;
						TestTargetID = C9E488DC2026A37A0065BE14;
					};
					C9E488FB2026A37A0065BE14 = {
						CreatedOnToolsVersion = 9.2;
						ProvisioningStyle = Automatic;
						TestTargetID = C9E488DC2026A37A0065BE14;
					};
				};
			};
			buildConfigurationList = C9E488D82026A37A0065BE14 /* Build configuration list for PBXProject "sample" */;
			compatibilityVersion = "Xcode 8.0";
			developmentRegion = en;
			hasScannedForEncodings = 0;
			knownRegions = (
				en,
				Base,
			);
			mainGroup = C9E488D42026A37A0065BE14;
			productRefGroup = C9E488DE2026A37A0065BE14 /* Products */;
			projectDirPath = "";
			projectRoot = "";
			targets = (
				C9E488DC2026A37A0065BE14 /* sample */,
				C9E488F02026A37A0065BE14 /* sampleTests */,
				C9E488FB2026A37A0065BE14 /* sampleUITests */,
			);
		};
/* End PBXProject section */

/* Begin PBXResourcesBuildPhase section */
		C9E488DB2026A37A0065BE14 /* Resources */ = {
			isa = PBXResourcesBuildPhase;
			buildActionMask = 2147483647;
			files = (
				C9E488EB2026A37A0065BE14 /* LaunchScreen.storyboard in Resources */,
				C9E488E82026A37A0065BE14 /* Assets.xcassets in Resources */,
				C9E488E62026A37A0065BE14 /* Main.storyboard in Resources */,
			);
			runOnlyForDeploymentPostprocessing = 0;
		};
		C9E488EF2026A37A0065BE14 /* Resources */ = {
			isa = PBXResourcesBuildPhase;
			buildActionMask = 2147483647;
			files = (
			);
			runOnlyForDeploymentPostprocessing = 0;
		};
		C9E488FA2026A37A0065BE14 /* Resources */ = {
			isa = PBXResourcesBuildPhase;
			buildActionMask = 2147483647;
			files = (
			);
			runOnlyForDeploymentPostprocessing = 0;
		};
/* End PBXResourcesBuildPhase section */

/* Begin PBXShellScriptBuildPhase section */
		35E58767E721B19E64848FAD /* [CP] Check Pods Manifest.lock */ = {
			isa = PBXShellScriptBuildPhase;
			buildActionMask = 2147483647;
			files = (
			);
			inputPaths = (
			);
			name = "[CP] Check Pods Manifest.lock";
			outputPaths = (
			);
			runOnlyForDeploymentPostprocessing = 0;
			shellPath = /bin/sh;
			shellScript = "diff \"${PODS_PODFILE_DIR_PATH}/Podfile.lock\" \"${PODS_ROOT}/Manifest.lock\" > /dev/null\nif [ $? != 0 ] ; then\n    # print error to STDERR\n    echo \"error: The sandbox is not in sync with the Podfile.lock. Run 'pod install' or update your CocoaPods installation.\" >&2\n    exit 1\nfi\n";
			showEnvVarsInLog = 0;
		};
		5A9092346FC22D17EE8B644C /* [CP] Check Pods Manifest.lock */ = {
			isa = PBXShellScriptBuildPhase;
			buildActionMask = 2147483647;
			files = (
			);
			inputPaths = (
			);
			name = "[CP] Check Pods Manifest.lock";
			outputPaths = (
			);
			runOnlyForDeploymentPostprocessing = 0;
			shellPath = /bin/sh;
			shellScript = "diff \"${PODS_PODFILE_DIR_PATH}/Podfile.lock\" \"${PODS_ROOT}/Manifest.lock\" > /dev/null\nif [ $? != 0 ] ; then\n    # print error to STDERR\n    echo \"error: The sandbox is not in sync with the Podfile.lock. Run 'pod install' or update your CocoaPods installation.\" >&2\n    exit 1\nfi\n";
			showEnvVarsInLog = 0;
		};
		6A2A62D19F96139F4460EAD6 /* [CP] Copy Pods Resources */ = {
			isa = PBXShellScriptBuildPhase;
			buildActionMask = 2147483647;
			files = (
			);
			inputPaths = (
			);
			name = "[CP] Copy Pods Resources";
			outputPaths = (
			);
			runOnlyForDeploymentPostprocessing = 0;
			shellPath = /bin/sh;
			shellScript = "\"${SRCROOT}/Pods/Target Support Files/Pods-sampleUITests/Pods-sampleUITests-resources.sh\"\n";
			showEnvVarsInLog = 0;
		};
		6CDC2589E3CB4F212610538A /* [CP] Copy Pods Resources */ = {
			isa = PBXShellScriptBuildPhase;
			buildActionMask = 2147483647;
			files = (
			);
			inputPaths = (
			);
			name = "[CP] Copy Pods Resources";
			outputPaths = (
			);
			runOnlyForDeploymentPostprocessing = 0;
			shellPath = /bin/sh;
			shellScript = "\"${SRCROOT}/Pods/Target Support Files/Pods-sample/Pods-sample-resources.sh\"\n";
			showEnvVarsInLog = 0;
		};
		9200EBD545C06528517CE468 /* [CP] Copy Pods Resources */ = {
			isa = PBXShellScriptBuildPhase;
			buildActionMask = 2147483647;
			files = (
			);
			inputPaths = (
			);
			name = "[CP] Copy Pods Resources";
			outputPaths = (
			);
			runOnlyForDeploymentPostprocessing = 0;
			shellPath = /bin/sh;
			shellScript = "\"${SRCROOT}/Pods/Target Support Files/Pods-sampleTests/Pods-sampleTests-resources.sh\"\n";
			showEnvVarsInLog = 0;
		};
		9A6945E95BF899E91DBEDB77 /* [CP] Embed Pods Frameworks */ = {
			isa = PBXShellScriptBuildPhase;
			buildActionMask = 2147483647;
			files = (
			);
			inputPaths = (
			);
			name = "[CP] Embed Pods Frameworks";
			outputPaths = (
			);
			runOnlyForDeploymentPostprocessing = 0;
			shellPath = /bin/sh;
			shellScript = "\"${SRCROOT}/Pods/Target Support Files/Pods-sample/Pods-sample-frameworks.sh\"\n";
			showEnvVarsInLog = 0;
		};
		AD5615631CBF1A063503C2EB /* [CP] Check Pods Manifest.lock */ = {
			isa = PBXShellScriptBuildPhase;
			buildActionMask = 2147483647;
			files = (
			);
			inputPaths = (
			);
			name = "[CP] Check Pods Manifest.lock";
			outputPaths = (
			);
			runOnlyForDeploymentPostprocessing = 0;
			shellPath = /bin/sh;
			shellScript = "diff \"${PODS_PODFILE_DIR_PATH}/Podfile.lock\" \"${PODS_ROOT}/Manifest.lock\" > /dev/null\nif [ $? != 0 ] ; then\n    # print error to STDERR\n    echo \"error: The sandbox is not in sync with the Podfile.lock. Run 'pod install' or update your CocoaPods installation.\" >&2\n    exit 1\nfi\n";
			showEnvVarsInLog = 0;
		};
		E72863A714C571EA057E6785 /* [CP] Embed Pods Frameworks */ = {
			isa = PBXShellScriptBuildPhase;
			buildActionMask = 2147483647;
			files = (
			);
			inputPaths = (
			);
			name = "[CP] Embed Pods Frameworks";
			outputPaths = (
			);
			runOnlyForDeploymentPostprocessing = 0;
			shellPath = /bin/sh;
			shellScript = "\"${SRCROOT}/Pods/Target Support Files/Pods-sampleTests/Pods-sampleTests-frameworks.sh\"\n";
			showEnvVarsInLog = 0;
		};
		EE7F4475E92B7EDE1D0DE640 /* [CP] Embed Pods Frameworks */ = {
			isa = PBXShellScriptBuildPhase;
			buildActionMask = 2147483647;
			files = (
			);
			inputPaths = (
			);
			name = "[CP] Embed Pods Frameworks";
			outputPaths = (
			);
			runOnlyForDeploymentPostprocessing = 0;
			shellPath = /bin/sh;
			shellScript = "\"${SRCROOT}/Pods/Target Support Files/Pods-sampleUITests/Pods-sampleUITests-frameworks.sh\"\n";
			showEnvVarsInLog = 0;
		};
/* End PBXShellScriptBuildPhase section */

/* Begin PBXSourcesBuildPhase section */
		C9E488D92026A37A0065BE14 /* Sources */ = {
			isa = PBXSourcesBuildPhase;
			buildActionMask = 2147483647;
			files = (
				C9E489352026E2830065BE14 /* YoutubeSession.swift in Sources */,
				C9E488E32026A37A0065BE14 /* ViewController.swift in Sources */,
				C9E488E12026A37A0065BE14 /* AppDelegate.swift in Sources */,
				C9E4890F2026BCD60065BE14 /* GoogleOauth2Manager.swift in Sources */,
			);
			runOnlyForDeploymentPostprocessing = 0;
		};
		C9E488ED2026A37A0065BE14 /* Sources */ = {
			isa = PBXSourcesBuildPhase;
			buildActionMask = 2147483647;
			files = (
				C9E488F62026A37A0065BE14 /* sampleTests.swift in Sources */,
			);
			runOnlyForDeploymentPostprocessing = 0;
		};
		C9E488F82026A37A0065BE14 /* Sources */ = {
			isa = PBXSourcesBuildPhase;
			buildActionMask = 2147483647;
			files = (
				C9E489012026A37A0065BE14 /* sampleUITests.swift in Sources */,
			);
			runOnlyForDeploymentPostprocessing = 0;
		};
/* End PBXSourcesBuildPhase section */

/* Begin PBXTargetDependency section */
		C9E488F32026A37A0065BE14 /* PBXTargetDependency */ = {
			isa = PBXTargetDependency;
			target = C9E488DC2026A37A0065BE14 /* sample */;
			targetProxy = C9E488F22026A37A0065BE14 /* PBXContainerItemProxy */;
		};
		C9E488FE2026A37A0065BE14 /* PBXTargetDependency */ = {
			isa = PBXTargetDependency;
			target = C9E488DC2026A37A0065BE14 /* sample */;
			targetProxy = C9E488FD2026A37A0065BE14 /* PBXContainerItemProxy */;
		};
/* End PBXTargetDependency section */

/* Begin PBXVariantGroup section */
		C9E488E42026A37A0065BE14 /* Main.storyboard */ = {
			isa = PBXVariantGroup;
			children = (
				C9E488E52026A37A0065BE14 /* Base */,
			);
			name = Main.storyboard;
			sourceTree = "<group>";
		};
		C9E488E92026A37A0065BE14 /* LaunchScreen.storyboard */ = {
			isa = PBXVariantGroup;
			children = (
				C9E488EA2026A37A0065BE14 /* Base */,
			);
			name = LaunchScreen.storyboard;
			sourceTree = "<group>";
		};
/* End PBXVariantGroup section */

/* Begin XCBuildConfiguration section */
		C9E489032026A37A0065BE14 /* Debug */ = {
			isa = XCBuildConfiguration;
			buildSettings = {
				ALWAYS_SEARCH_USER_PATHS = NO;
				CLANG_ANALYZER_NONNULL = YES;
				CLANG_ANALYZER_NUMBER_OBJECT_CONVERSION = YES_AGGRESSIVE;
				CLANG_CXX_LANGUAGE_STANDARD = "gnu++14";
				CLANG_CXX_LIBRARY = "libc++";
				CLANG_ENABLE_MODULES = YES;
				CLANG_ENABLE_OBJC_ARC = YES;
				CLANG_WARN_BLOCK_CAPTURE_AUTORELEASING = YES;
				CLANG_WARN_BOOL_CONVERSION = YES;
				CLANG_WARN_COMMA = YES;
				CLANG_WARN_CONSTANT_CONVERSION = YES;
				CLANG_WARN_DIRECT_OBJC_ISA_USAGE = YES_ERROR;
				CLANG_WARN_DOCUMENTATION_COMMENTS = YES;
				CLANG_WARN_EMPTY_BODY = YES;
				CLANG_WARN_ENUM_CONVERSION = YES;
				CLANG_WARN_INFINITE_RECURSION = YES;
				CLANG_WARN_INT_CONVERSION = YES;
				CLANG_WARN_NON_LITERAL_NULL_CONVERSION = YES;
				CLANG_WARN_OBJC_LITERAL_CONVERSION = YES;
				CLANG_WARN_OBJC_ROOT_CLASS = YES_ERROR;
				CLANG_WARN_RANGE_LOOP_ANALYSIS = YES;
				CLANG_WARN_STRICT_PROTOTYPES = YES;
				CLANG_WARN_SUSPICIOUS_MOVE = YES;
				CLANG_WARN_UNGUARDED_AVAILABILITY = YES_AGGRESSIVE;
				CLANG_WARN_UNREACHABLE_CODE = YES;
				CLANG_WARN__DUPLICATE_METHOD_MATCH = YES;
				CODE_SIGN_IDENTITY = "iPhone Developer";
				COPY_PHASE_STRIP = NO;
				DEBUG_INFORMATION_FORMAT = dwarf;
				ENABLE_STRICT_OBJC_MSGSEND = YES;
				ENABLE_TESTABILITY = YES;
				GCC_C_LANGUAGE_STANDARD = gnu11;
				GCC_DYNAMIC_NO_PIC = NO;
				GCC_NO_COMMON_BLOCKS = YES;
				GCC_OPTIMIZATION_LEVEL = 0;
				GCC_PREPROCESSOR_DEFINITIONS = (
					"DEBUG=1",
					"$(inherited)",
				);
				GCC_WARN_64_TO_32_BIT_CONVERSION = YES;
				GCC_WARN_ABOUT_RETURN_TYPE = YES_ERROR;
				GCC_WARN_UNDECLARED_SELECTOR = YES;
				GCC_WARN_UNINITIALIZED_AUTOS = YES_AGGRESSIVE;
				GCC_WARN_UNUSED_FUNCTION = YES;
				GCC_WARN_UNUSED_VARIABLE = YES;
				IPHONEOS_DEPLOYMENT_TARGET = 11.2;
				MTL_ENABLE_DEBUG_INFO = YES;
				ONLY_ACTIVE_ARCH = YES;
				SDKROOT = iphoneos;
				SWIFT_ACTIVE_COMPILATION_CONDITIONS = DEBUG;
				SWIFT_OPTIMIZATION_LEVEL = "-Onone";
			};
			name = Debug;
		};
		C9E489042026A37A0065BE14 /* Release */ = {
			isa = XCBuildConfiguration;
			buildSettings = {
				ALWAYS_SEARCH_USER_PATHS = NO;
				CLANG_ANALYZER_NONNULL = YES;
				CLANG_ANALYZER_NUMBER_OBJECT_CONVERSION = YES_AGGRESSIVE;
				CLANG_CXX_LANGUAGE_STANDARD = "gnu++14";
				CLANG_CXX_LIBRARY = "libc++";
				CLANG_ENABLE_MODULES = YES;
				CLANG_ENABLE_OBJC_ARC = YES;
				CLANG_WARN_BLOCK_CAPTURE_AUTORELEASING = YES;
				CLANG_WARN_BOOL_CONVERSION = YES;
				CLANG_WARN_COMMA = YES;
				CLANG_WARN_CONSTANT_CONVERSION = YES;
				CLANG_WARN_DIRECT_OBJC_ISA_USAGE = YES_ERROR;
				CLANG_WARN_DOCUMENTATION_COMMENTS = YES;
				CLANG_WARN_EMPTY_BODY = YES;
				CLANG_WARN_ENUM_CONVERSION = YES;
				CLANG_WARN_INFINITE_RECURSION = YES;
				CLANG_WARN_INT_CONVERSION = YES;
				CLANG_WARN_NON_LITERAL_NULL_CONVERSION = YES;
				CLANG_WARN_OBJC_LITERAL_CONVERSION = YES;
				CLANG_WARN_OBJC_ROOT_CLASS = YES_ERROR;
				CLANG_WARN_RANGE_LOOP_ANALYSIS = YES;
				CLANG_WARN_STRICT_PROTOTYPES = YES;
				CLANG_WARN_SUSPICIOUS_MOVE = YES;
				CLANG_WARN_UNGUARDED_AVAILABILITY = YES_AGGRESSIVE;
				CLANG_WARN_UNREACHABLE_CODE = YES;
				CLANG_WARN__DUPLICATE_METHOD_MATCH = YES;
				CODE_SIGN_IDENTITY = "iPhone Developer";
				COPY_PHASE_STRIP = NO;
				DEBUG_INFORMATION_FORMAT = "dwarf-with-dsym";
				ENABLE_NS_ASSERTIONS = NO;
				ENABLE_STRICT_OBJC_MSGSEND = YES;
				GCC_C_LANGUAGE_STANDARD = gnu11;
				GCC_NO_COMMON_BLOCKS = YES;
				GCC_WARN_64_TO_32_BIT_CONVERSION = YES;
				GCC_WARN_ABOUT_RETURN_TYPE = YES_ERROR;
				GCC_WARN_UNDECLARED_SELECTOR = YES;
				GCC_WARN_UNINITIALIZED_AUTOS = YES_AGGRESSIVE;
				GCC_WARN_UNUSED_FUNCTION = YES;
				GCC_WARN_UNUSED_VARIABLE = YES;
				IPHONEOS_DEPLOYMENT_TARGET = 11.2;
				MTL_ENABLE_DEBUG_INFO = NO;
				SDKROOT = iphoneos;
				SWIFT_OPTIMIZATION_LEVEL = "-Owholemodule";
				VALIDATE_PRODUCT = YES;
			};
			name = Release;
		};
		C9E489062026A37A0065BE14 /* Debug */ = {
			isa = XCBuildConfiguration;
			baseConfigurationReference = 3C6033C8852359F9463D2597 /* Pods-sample.debug.xcconfig */;
			buildSettings = {
				ASSETCATALOG_COMPILER_APPICON_NAME = AppIcon;
				CODE_SIGN_STYLE = Automatic;
				DEVELOPMENT_TEAM = J5ZDJEZ5EU;
				INFOPLIST_FILE = sample/Info.plist;
				LD_RUNPATH_SEARCH_PATHS = "$(inherited) @executable_path/Frameworks";
				PRODUCT_BUNDLE_IDENTIFIER = test.sample;
				PRODUCT_NAME = "$(TARGET_NAME)";
				SWIFT_VERSION = 4.0;
				TARGETED_DEVICE_FAMILY = "1,2";
			};
			name = Debug;
		};
		C9E489072026A37A0065BE14 /* Release */ = {
			isa = XCBuildConfiguration;
			baseConfigurationReference = AB77E8C47CE4FF2A60D83945 /* Pods-sample.release.xcconfig */;
			buildSettings = {
				ASSETCATALOG_COMPILER_APPICON_NAME = AppIcon;
				CODE_SIGN_STYLE = Automatic;
				DEVELOPMENT_TEAM = J5ZDJEZ5EU;
				INFOPLIST_FILE = sample/Info.plist;
				LD_RUNPATH_SEARCH_PATHS = "$(inherited) @executable_path/Frameworks";
				PRODUCT_BUNDLE_IDENTIFIER = test.sample;
				PRODUCT_NAME = "$(TARGET_NAME)";
				SWIFT_VERSION = 4.0;
				TARGETED_DEVICE_FAMILY = "1,2";
			};
			name = Release;
		};
		C9E489092026A37A0065BE14 /* Debug */ = {
			isa = XCBuildConfiguration;
			baseConfigurationReference = D02C1C6384EB9BBF99837F43 /* Pods-sampleTests.debug.xcconfig */;
			buildSettings = {
				ALWAYS_EMBED_SWIFT_STANDARD_LIBRARIES = YES;
				BUNDLE_LOADER = "$(TEST_HOST)";
				CODE_SIGN_STYLE = Automatic;
				DEVELOPMENT_TEAM = J5ZDJEZ5EU;
				INFOPLIST_FILE = sampleTests/Info.plist;
				LD_RUNPATH_SEARCH_PATHS = "$(inherited) @executable_path/Frameworks @loader_path/Frameworks";
				PRODUCT_BUNDLE_IDENTIFIER = test.sampleTests;
				PRODUCT_NAME = "$(TARGET_NAME)";
				SWIFT_VERSION = 4.0;
				TARGETED_DEVICE_FAMILY = "1,2";
				TEST_HOST = "$(BUILT_PRODUCTS_DIR)/sample.app/sample";
			};
			name = Debug;
		};
		C9E4890A2026A37A0065BE14 /* Release */ = {
			isa = XCBuildConfiguration;
			baseConfigurationReference = 33BA8ACE4DA31E387C35BA69 /* Pods-sampleTests.release.xcconfig */;
			buildSettings = {
				ALWAYS_EMBED_SWIFT_STANDARD_LIBRARIES = YES;
				BUNDLE_LOADER = "$(TEST_HOST)";
				CODE_SIGN_STYLE = Automatic;
				DEVELOPMENT_TEAM = J5ZDJEZ5EU;
				INFOPLIST_FILE = sampleTests/Info.plist;
				LD_RUNPATH_SEARCH_PATHS = "$(inherited) @executable_path/Frameworks @loader_path/Frameworks";
				PRODUCT_BUNDLE_IDENTIFIER = test.sampleTests;
				PRODUCT_NAME = "$(TARGET_NAME)";
				SWIFT_VERSION = 4.0;
				TARGETED_DEVICE_FAMILY = "1,2";
				TEST_HOST = "$(BUILT_PRODUCTS_DIR)/sample.app/sample";
			};
			name = Release;
		};
		C9E4890C2026A37A0065BE14 /* Debug */ = {
			isa = XCBuildConfiguration;
			baseConfigurationReference = 415DE61D663EAE8BCDECB2EA /* Pods-sampleUITests.debug.xcconfig */;
			buildSettings = {
				ALWAYS_EMBED_SWIFT_STANDARD_LIBRARIES = YES;
				CODE_SIGN_STYLE = Automatic;
				DEVELOPMENT_TEAM = J5ZDJEZ5EU;
				INFOPLIST_FILE = sampleUITests/Info.plist;
				LD_RUNPATH_SEARCH_PATHS = "$(inherited) @executable_path/Frameworks @loader_path/Frameworks";
				PRODUCT_BUNDLE_IDENTIFIER = test.sampleUITests;
				PRODUCT_NAME = "$(TARGET_NAME)";
				SWIFT_VERSION = 4.0;
				TARGETED_DEVICE_FAMILY = "1,2";
				TEST_TARGET_NAME = sample;
			};
			name = Debug;
		};
		C9E4890D2026A37A0065BE14 /* Release */ = {
			isa = XCBuildConfiguration;
			baseConfigurationReference = E2BA22FA5F5AC140920D607C /* Pods-sampleUITests.release.xcconfig */;
			buildSettings = {
				ALWAYS_EMBED_SWIFT_STANDARD_LIBRARIES = YES;
				CODE_SIGN_STYLE = Automatic;
				DEVELOPMENT_TEAM = J5ZDJEZ5EU;
				INFOPLIST_FILE = sampleUITests/Info.plist;
				LD_RUNPATH_SEARCH_PATHS = "$(inherited) @executable_path/Frameworks @loader_path/Frameworks";
				PRODUCT_BUNDLE_IDENTIFIER = test.sampleUITests;
				PRODUCT_NAME = "$(TARGET_NAME)";
				SWIFT_VERSION = 4.0;
				TARGETED_DEVICE_FAMILY = "1,2";
				TEST_TARGET_NAME = sample;
			};
			name = Release;
		};
/* End XCBuildConfiguration section */

/* Begin XCConfigurationList section */
		C9E488D82026A37A0065BE14 /* Build configuration list for PBXProject "sample" */ = {
			isa = XCConfigurationList;
			buildConfigurations = (
				C9E489032026A37A0065BE14 /* Debug */,
				C9E489042026A37A0065BE14 /* Release */,
			);
			defaultConfigurationIsVisible = 0;
			defaultConfigurationName = Release;
		};
		C9E489052026A37A0065BE14 /* Build configuration list for PBXNativeTarget "sample" */ = {
			isa = XCConfigurationList;
			buildConfigurations = (
				C9E489062026A37A0065BE14 /* Debug */,
				C9E489072026A37A0065BE14 /* Release */,
			);
			defaultConfigurationIsVisible = 0;
			defaultConfigurationName = Release;
		};
		C9E489082026A37A0065BE14 /* Build configuration list for PBXNativeTarget "sampleTests" */ = {
			isa = XCConfigurationList;
			buildConfigurations = (
				C9E489092026A37A0065BE14 /* Debug */,
				C9E4890A2026A37A0065BE14 /* Release */,
			);
			defaultConfigurationIsVisible = 0;
			defaultConfigurationName = Release;
		};
		C9E4890B2026A37A0065BE14 /* Build configuration list for PBXNativeTarget "sampleUITests" */ = {
			isa = XCConfigurationList;
			buildConfigurations = (
				C9E4890C2026A37A0065BE14 /* Debug */,
				C9E4890D2026A37A0065BE14 /* Release */,
			);
			defaultConfigurationIsVisible = 0;
			defaultConfigurationName = Release;
		};
/* End XCConfigurationList section */
	};
	rootObject = C9E488D52026A37A0065BE14 /* Project object */;
}
